
Microsoft Visual Studio Solution File, Format Version 12.00
# Visual Studio Version 16
VisualStudioVersion = 16.0.31105.61
MinimumVisualStudioVersion = 10.0.40219.1
Project("{2150E333-8FDC-42A3-9474-1A3956D46DE8}") = "Solution Items", "Solution Items", "{471F8863-AC63-4CA0-B775-312411693E73}"
	ProjectSection(SolutionItems) = preProject
		.editorconfig = .editorconfig
	EndProjectSection
EndProject
Project("{9A19103F-16F7-4668-BE54-9A1E7A4F7556}") = "AsmInstructionSetGenerator", "Tools\AsmInstructionSetGenerator\AsmInstructionSetGenerator.csproj", "{E7533DDB-E3F8-4BAC-9F98-1E2F4D52ABAD}"
EndProject
Global
	GlobalSection(SolutionConfigurationPlatforms) = preSolution
		Debug|Any CPU = Debug|Any CPU
		Release|Any CPU = Release|Any CPU
	EndGlobalSection
	GlobalSection(ProjectConfigurationPlatforms) = postSolution
		{E7533DDB-E3F8-4BAC-9F98-1E2F4D52ABAD}.Debug|Any CPU.ActiveCfg = Debug|Any CPU
		{E7533DDB-E3F8-4BAC-9F98-1E2F4D52ABAD}.Debug|Any CPU.Build.0 = Debug|Any CPU
		{E7533DDB-E3F8-4BAC-9F98-1E2F4D52ABAD}.Release|Any CPU.ActiveCfg = Release|Any CPU
		{E7533DDB-E3F8-4BAC-9F98-1E2F4D52ABAD}.Release|Any CPU.Build.0 = Release|Any CPU
	EndGlobalSection
	GlobalSection(SolutionProperties) = preSolution
		HideSolutionNode = FALSE
	EndGlobalSection
	GlobalSection(ExtensibilityGlobals) = postSolution
		SolutionGuid = {2D455300-E4F4-409A-B7FC-FD0A5CB0ACF1}
	EndGlobalSection
EndGlobal
